# This file is autogenerated, do not edit; changes may be undone by the next 'dep ensure'.


[[projects]]
  branch = "master"
  name = "github.com/alecthomas/template"
  packages = [".","parse"]
  revision = "a0175ee3bccc567396460bf5acd36800cb10c49c"

[[projects]]
  branch = "master"
  name = "github.com/alecthomas/units"
  packages = ["."]
  revision = "2efee857e7cfd4f3d0138cc3cbb1b4966962b93a"

[[projects]]
  name = "github.com/disintegration/imaging"
  packages = ["."]
  revision = "dd50a3ee9985ccd313a2f03c398fcaedc96dc707"
  version = "v1.2.4"

[[projects]]
  branch = "master"
  name = "golang.org/x/image"
  packages = ["bmp","tiff","tiff/lzw"]
  revision = "f7e31b4ea2e3413ab91b4e7d2dc83e5f8d19a44c"

[[projects]]
  name = "gopkg.in/alecthomas/kingpin.v2"
  packages = ["."]
  revision = "1087e65c9441605df944fb12c33f0fe7072d18ca"
  version = "v2.2.5"

[solve-meta]
  analyzer-name = "dep"
  analyzer-version = 1
  inputs-digest = "d960e54bb34b219e9a0c3899747e1ed0771f76d99cd6dfed380c456e480e3af2"
  solver-name = "gps-cdcl"
  solver-version = 1
